// !$*UTF8*$!
{
	archiveVersion = 1;
	classes = {
	};
	objectVersion = 48;
	objects = {

/* Begin PBXBuildFile section */
		2B392D9620BE9C7300339E23 /* AppDelegate.swift in Sources */ = {isa = PBXBuildFile; fileRef = 2B392D9520BE9C7300339E23 /* AppDelegate.swift */; };
		2B392D9B20BE9C7300339E23 /* Main.storyboard in Resources */ = {isa = PBXBuildFile; fileRef = 2B392D9920BE9C7300339E23 /* Main.storyboard */; };
		2B392D9D20BE9C7300339E23 /* Assets.xcassets in Resources */ = {isa = PBXBuildFile; fileRef = 2B392D9C20BE9C7300339E23 /* Assets.xcassets */; };
		2B392DA020BE9C7300339E23 /* LaunchScreen.storyboard in Resources */ = {isa = PBXBuildFile; fileRef = 2B392D9E20BE9C7300339E23 /* LaunchScreen.storyboard */; };
		2B392DA920BE9CEE00339E23 /* ExampleViewController.swift in Sources */ = {isa = PBXBuildFile; fileRef = 2B392DA720BE9CED00339E23 /* ExampleViewController.swift */; };
		2B392DAA20BE9CEE00339E23 /* UISwipableView.swift in Sources */ = {isa = PBXBuildFile; fileRef = 2B392DA820BE9CED00339E23 /* UISwipableView.swift */; };
/* End PBXBuildFile section */

/* Begin PBXFileReference section */
		2B392D9220BE9C7300339E23 /* SwipeToDismissViewDemo.app */ = {isa = PBXFileReference; explicitFileType = wrapper.application; includeInIndex = 0; path = SwipeToDismissViewDemo.app; sourceTree = BUILT_PRODUCTS_DIR; };
		2B392D9520BE9C7300339E23 /* AppDelegate.swift */ = {isa = PBXFileReference; lastKnownFileType = sourcecode.swift; path = AppDelegate.swift; sourceTree = "<group>"; };
		2B392D9A20BE9C7300339E23 /* Base */ = {isa = PBXFileReference; lastKnownFileType = file.storyboard; name = Base; path = Base.lproj/Main.storyboard; sourceTree = "<group>"; };
		2B392D9C20BE9C7300339E23 /* Assets.xcassets */ = {isa = PBXFileReference; lastKnownFileType = folder.assetcatalog; path = Assets.xcassets; sourceTree = "<group>"; };
		2B392D9F20BE9C7300339E23 /* Base */ = {isa = PBXFileReference; lastKnownFileType = file.storyboard; name = Base; path = Base.lproj/LaunchScreen.storyboard; sourceTree = "<group>"; };
		2B392DA120BE9C7300339E23 /* Info.plist */ = {isa = PBXFileReference; lastKnownFileType = text.plist.xml; path = Info.plist; sourceTree = "<group>"; };
		2B392DA720BE9CED00339E23 /* ExampleViewController.swift */ = {isa = PBXFileReference; fileEncoding = 4; lastKnownFileType = sourcecode.swift; path = ExampleViewController.swift; sourceTree = "<group>"; };
		2B392DA820BE9CED00339E23 /* UISwipableView.swift */ = {isa = PBXFileReference; fileEncoding = 4; lastKnownFileType = sourcecode.swift; path = UISwipableView.swift; sourceTree = "<group>"; };
/* End PBXFileReference section */

/* Begin PBXFrameworksBuildPhase section */
		2B392D8F20BE9C7300339E23 /* Frameworks */ = {
			isa = PBXFrameworksBuildPhase;
			buildActionMask = 2147483647;
			files = (
			);
			runOnlyForDeploymentPostprocessing = 0;
		};
/* End PBXFrameworksBuildPhase section */

/* Begin PBXGroup section */
		2B392D8920BE9C7300339E23 = {
			isa = PBXGroup;
			children = (
				2B392D9420BE9C7300339E23 /* SwipeToDismissViewDemo */,
				2B392D9320BE9C7300339E23 /* Products */,
			);
			sourceTree = "<group>";
		};
		2B392D9320BE9C7300339E23 /* Products */ = {
			isa = PBXGroup;
			children = (
				2B392D9220BE9C7300339E23 /* SwipeToDismissViewDemo.app */,
			);
			name = Products;
			sourceTree = "<group>";
		};
		2B392D9420BE9C7300339E23 /* SwipeToDismissViewDemo */ = {
			isa = PBXGroup;
			children = (
				2B392DA720BE9CED00339E23 /* ExampleViewController.swift */,
				2B392DA820BE9CED00339E23 /* UISwipableView.swift */,
				2B392D9520BE9C7300339E23 /* AppDelegate.swift */,
				2B392D9920BE9C7300339E23 /* Main.storyboard */,
				2B392D9C20BE9C7300339E23 /* Assets.xcassets */,
				2B392D9E20BE9C7300339E23 /* LaunchScreen.storyboard */,
				2B392DA120BE9C7300339E23 /* Info.plist */,
			);
			path = SwipeToDismissViewDemo;
			sourceTree = "<group>";
		};
/* End PBXGroup section */

/* Begin PBXNativeTarget section */
		2B392D9120BE9C7300339E23 /* SwipeToDismissViewDemo */ = {
			isa = PBXNativeTarget;
			buildConfigurationList = 2B392DA420BE9C7300339E23 /* Build configuration list for PBXNativeTarget "SwipeToDismissViewDemo" */;
			buildPhases = (
				2B392D8E20BE9C7300339E23 /* Sources */,
				2B392D8F20BE9C7300339E23 /* Frameworks */,
				2B392D9020BE9C7300339E23 /* Resources */,
			);
			buildRules = (
			);
			dependencies = (
			);
			name = SwipeToDismissViewDemo;
			productName = SwipeToDismissViewDemo;
			productReference = 2B392D9220BE9C7300339E23 /* SwipeToDismissViewDemo.app */;
			productType = "com.apple.product-type.application";
		};
/* End PBXNativeTarget section */

/* Begin PBXProject section */
		2B392D8A20BE9C7300339E23 /* Project object */ = {
			isa = PBXProject;
			attributes = {
				LastSwiftUpdateCheck = 0920;
				LastUpgradeCheck = 0920;
				ORGANIZATIONNAME = PeakGeek;
				TargetAttributes = {
					2B392D9120BE9C7300339E23 = {
						CreatedOnToolsVersion = 9.2;
						ProvisioningStyle = Automatic;
					};
				};
			};
			buildConfigurationList = 2B392D8D20BE9C7300339E23 /* Build configuration list for PBXProject "SwipeToDismissViewDemo" */;
			compatibilityVersion = "Xcode 8.0";
			developmentRegion = en;
			hasScannedForEncodings = 0;
			knownRegions = (
				en,
				Base,
			);
			mainGroup = 2B392D8920BE9C7300339E23;
			productRefGroup = 2B392D9320BE9C7300339E23 /* Products */;
			projectDirPath = "";
			projectRoot = "";
			targets = (
				2B392D9120BE9C7300339E23 /* SwipeToDismissViewDemo */,
			);
		};
/* End PBXProject section */

/* Begin PBXResourcesBuildPhase section */
		2B392D9020BE9C7300339E23 /* Resources */ = {
			isa = PBXResourcesBuildPhase;
			buildActionMask = 2147483647;
			files = (
				2B392DA020BE9C7300339E23 /* LaunchScreen.storyboard in Resources */,
				2B392D9D20BE9C7300339E23 /* Assets.xcassets in Resources */,
				2B392D9B20BE9C7300339E23 /* Main.storyboard in Resources */,
			);
			runOnlyForDeploymentPostprocessing = 0;
		};
/* End PBXResourcesBuildPhase section */

/* Begin PBXSourcesBuildPhase section */
		2B392D8E20BE9C7300339E23 /* Sources */ = {
			isa = PBXSourcesBuildPhase;
			buildActionMask = 2147483647;
			files = (
				2B392D9620BE9C7300339E23 /* AppDelegate.swift in Sources */,
				2B392DAA20BE9CEE00339E23 /* UISwipableView.swift in Sources */,
				2B392DA920BE9CEE00339E23 /* ExampleViewController.swift in Sources */,
			);
			runOnlyForDeploymentPostprocessing = 0;
		};
/* End PBXSourcesBuildPhase section */

/* Begin PBXVariantGroup section */
		2B392D9920BE9C7300339E23 /* Main.storyboard */ = {
			isa = PBXVariantGroup;
			children = (
				2B392D9A20BE9C7300339E23 /* Base */,
			);
			name = Main.storyboard;
			sourceTree = "<group>";
		};
		2B392D9E20BE9C7300339E23 /* LaunchScreen.storyboard */ = {
			isa = PBXVariantGroup;
			children = (
				2B392D9F20BE9C7300339E23 /* Base */,
			);
			name = LaunchScreen.storyboard;
			sourceTree = "<group>";
		};
/* End PBXVariantGroup section */

/* Begin XCBuildConfiguration section */
		2B392DA220BE9C7300339E23 /* Debug */ = {
			isa = XCBuildConfiguration;
			buildSettings = {
				ALWAYS_SEARCH_USER_PATHS = NO;
				CLANG_ANALYZER_NONNULL = YES;
				CLANG_ANALYZER_NUMBER_OBJECT_CONVERSION = YES_AGGRESSIVE;
				CLANG_CXX_LANGUAGE_STANDARD = "gnu++14";
				CLANG_CXX_LIBRARY = "libc++";
				CLANG_ENABLE_MODULES = YES;
				CLANG_ENABLE_OBJC_ARC = YES;
				CLANG_WARN_BLOCK_CAPTURE_AUTORELEASING = YES;
				CLANG_WARN_BOOL_CONVERSION = YES;
				CLANG_WARN_COMMA = YES;
				CLANG_WARN_CONSTANT_CONVERSION = YES;
				CLANG_WARN_DIRECT_OBJC_ISA_USAGE = YES_ERROR;
				CLANG_WARN_DOCUMENTATION_COMMENTS = YES;
				CLANG_WARN_EMPTY_BODY = YES;
				CLANG_WARN_ENUM_CONVERSION = YES;
				CLANG_WARN_INFINITE_RECURSION = YES;
				CLANG_WARN_INT_CONVERSION = YES;
				CLANG_WARN_NON_LITERAL_NULL_CONVERSION = YES;
				CLANG_WARN_OBJC_LITERAL_CONVERSION = YES;
				CLANG_WARN_OBJC_ROOT_CLASS = YES_ERROR;
				CLANG_WARN_RANGE_LOOP_ANALYSIS = YES;
				CLANG_WARN_STRICT_PROTOTYPES = YES;
				CLANG_WARN_SUSPICIOUS_MOVE = YES;
				CLANG_WARN_UNGUARDED_AVAILABILITY = YES_AGGRESSIVE;
				CLANG_WARN_UNREACHABLE_CODE = YES;
				CLANG_WARN__DUPLICATE_METHOD_MATCH = YES;
				CODE_SIGN_IDENTITY = "iPhone Developer";
				COPY_PHASE_STRIP = NO;
				DEBUG_INFORMATION_FORMAT = dwarf;
				ENABLE_STRICT_OBJC_MSGSEND = YES;
				ENABLE_TESTABILITY = YES;
				GCC_C_LANGUAGE_STANDARD = gnu11;
				GCC_DYNAMIC_NO_PIC = NO;
				GCC_NO_COMMON_BLOCKS = YES;
				GCC_OPTIMIZATION_LEVEL = 0;
				GCC_PREPROCESSOR_DEFINITIONS = (
					"DEBUG=1",
					"$(inherited)",
				);
				GCC_WARN_64_TO_32_BIT_CONVERSION = YES;
				GCC_WARN_ABOUT_RETURN_TYPE = YES_ERROR;
				GCC_WARN_UNDECLARED_SELECTOR = YES;
				GCC_WARN_UNINITIALIZED_AUTOS = YES_AGGRESSIVE;
				GCC_WARN_UNUSED_FUNCTION = YES;
				GCC_WARN_UNUSED_VARIABLE = YES;
				IPHONEOS_DEPLOYMENT_TARGET = 11.2;
				MTL_ENABLE_DEBUG_INFO = YES;
				ONLY_ACTIVE_ARCH = YES;
				SDKROOT = iphoneos;
				SWIFT_ACTIVE_COMPILATION_CONDITIONS = DEBUG;
				SWIFT_OPTIMIZATION_LEVEL = "-Onone";
			};
			name = Debug;
		};
		2B392DA320BE9C7300339E23 /* Release */ = {
			isa = XCBuildConfiguration;
			buildSettings = {
				ALWAYS_SEARCH_USER_PATHS = NO;
				CLANG_ANALYZER_NONNULL = YES;
				CLANG_ANALYZER_NUMBER_OBJECT_CONVERSION = YES_AGGRESSIVE;
				CLANG_CXX_LANGUAGE_STANDARD = "gnu++14";
				CLANG_CXX_LIBRARY = "libc++";
				CLANG_ENABLE_MODULES = YES;
				CLANG_ENABLE_OBJC_ARC = YES;
				CLANG_WARN_BLOCK_CAPTURE_AUTORELEASING = YES;
				CLANG_WARN_BOOL_CONVERSION = YES;
				CLANG_WARN_COMMA = YES;
				CLANG_WARN_CONSTANT_CONVERSION = YES;
				CLANG_WARN_DIRECT_OBJC_ISA_USAGE = YES_ERROR;
				CLANG_WARN_DOCUMENTATION_COMMENTS = YES;
				CLANG_WARN_EMPTY_BODY = YES;
				CLANG_WARN_ENUM_CONVERSION = YES;
				CLANG_WARN_INFINITE_RECURSION = YES;
				CLANG_WARN_INT_CONVERSION = YES;
				CLANG_WARN_NON_LITERAL_NULL_CONVERSION = YES;
				CLANG_WARN_OBJC_LITERAL_CONVERSION = YES;
				CLANG_WARN_OBJC_ROOT_CLASS = YES_ERROR;
				CLANG_WARN_RANGE_LOOP_ANALYSIS = YES;
				CLANG_WARN_STRICT_PROTOTYPES = YES;
				CLANG_WARN_SUSPICIOUS_MOVE = YES;
				CLANG_WARN_UNGUARDED_AVAILABILITY = YES_AGGRESSIVE;
				CLANG_WARN_UNREACHABLE_CODE = YES;
				CLANG_WARN__DUPLICATE_METHOD_MATCH = YES;
				CODE_SIGN_IDENTITY = "iPhone Developer";
				COPY_PHASE_STRIP = NO;
				DEBUG_INFORMATION_FORMAT = "dwarf-with-dsym";
				ENABLE_NS_ASSERTIONS = NO;
				ENABLE_STRICT_OBJC_MSGSEND = YES;
				GCC_C_LANGUAGE_STANDARD = gnu11;
				GCC_NO_COMMON_BLOCKS = YES;
				GCC_WARN_64_TO_32_BIT_CONVERSION = YES;
				GCC_WARN_ABOUT_RETURN_TYPE = YES_ERROR;
				GCC_WARN_UNDECLARED_SELECTOR = YES;
				GCC_WARN_UNINITIALIZED_AUTOS = YES_AGGRESSIVE;
				GCC_WARN_UNUSED_FUNCTION = YES;
				GCC_WARN_UNUSED_VARIABLE = YES;
				IPHONEOS_DEPLOYMENT_TARGET = 11.2;
				MTL_ENABLE_DEBUG_INFO = NO;
				SDKROOT = iphoneos;
				SWIFT_OPTIMIZATION_LEVEL = "-Owholemodule";
				VALIDATE_PRODUCT = YES;
			};
			name = Release;
		};
		2B392DA520BE9C7300339E23 /* Debug */ = {
			isa = XCBuildConfiguration;
			buildSettings = {
				ASSETCATALOG_COMPILER_APPICON_NAME = AppIcon;
				CODE_SIGN_STYLE = Automatic;
				INFOPLIST_FILE = SwipeToDismissViewDemo/Info.plist;
				LD_RUNPATH_SEARCH_PATHS = "$(inherited) @executable_path/Frameworks";
				PRODUCT_BUNDLE_IDENTIFIER = com.PeakGeek.SwipeToDismissViewDemo;
				PRODUCT_NAME = "$(TARGET_NAME)";
				SWIFT_VERSION = 4.0;
				TARGETED_DEVICE_FAMILY = "1,2";
			};
			name = Debug;
		};
		2B392DA620BE9C7300339E23 /* Release */ = {
			isa = XCBuildConfiguration;
			buildSettings = {
				ASSETCATALOG_COMPILER_APPICON_NAME = AppIcon;
				CODE_SIGN_STYLE = Automatic;
				INFOPLIST_FILE = SwipeToDismissViewDemo/Info.plist;
				LD_RUNPATH_SEARCH_PATHS = "$(inherited) @executable_path/Frameworks";
				PRODUCT_BUNDLE_IDENTIFIER = com.PeakGeek.SwipeToDismissViewDemo;
				PRODUCT_NAME = "$(TARGET_NAME)";
				SWIFT_VERSION = 4.0;
				TARGETED_DEVICE_FAMILY = "1,2";
			};
			name = Release;
		};
/* End XCBuildConfiguration section */

/* Begin XCConfigurationList section */
		2B392D8D20BE9C7300339E23 /* Build configuration list for PBXProject "SwipeToDismissViewDemo" */ = {
			isa = XCConfigurationList;
			buildConfigurations = (
				2B392DA220BE9C7300339E23 /* Debug */,
				2B392DA320BE9C7300339E23 /* Release */,
			);
			defaultConfigurationIsVisible = 0;
			defaultConfigurationName = Release;
		};
		2B392DA420BE9C7300339E23 /* Build configuration list for PBXNativeTarget "SwipeToDismissViewDemo" */ = {
			isa = XCConfigurationList;
			buildConfigurations = (
				2B392DA520BE9C7300339E23 /* Debug */,
				2B392DA620BE9C7300339E23 /* Release */,
			);
			defaultConfigurationIsVisible = 0;
			defaultConfigurationName = Release;
		};
/* End XCConfigurationList section */
	};
	rootObject = 2B392D8A20BE9C7300339E23 /* Project object */;
}
